
Microsoft Visual Studio Solution File, Format Version 12.00
# Visual Studio 15
VisualStudioVersion = 15.0.27428.2043
MinimumVisualStudioVersion = 10.0.40219.1
Project("{FAE04EC0-301F-11D3-BF4B-00C04F79EFBC}") = "ShavedIce_ClassViewer", "ShavedIce_ClassViewer\ShavedIce_ClassViewer.csproj", "{967C5EC6-25D5-4A20-825C-8A0F69B40586}"
EndProject
Project("{54435603-DBB4-11D2-8724-00A0C9A8B90C}") = "ShavedIce_ClassViwerSetup", "ShavedIce_ClassViewerSetup\ShavedIce_ClassViewerSetup.vdproj", "{FB56960F-2E6F-45C2-A495-133BD63D1A6B}"
EndProject
Project("{8BC9CEB8-8B4A-11D0-8D11-00A0C91BC942}") = "ShavedIceNative", "ShavedIceNative\ShavedIceNative.vcxproj", "{374D1ACE-5762-4BAC-8E05-F9EC045FEBD1}"
EndProject
Project("{FAE04EC0-301F-11D3-BF4B-00C04F79EFBC}") = "Test", "Test\Test.csproj", "{6D925ABC-DD2A-46F0-BB1C-AECA4D6821B2}"
EndProject
Global
	GlobalSection(SolutionConfigurationPlatforms) = preSolution
		Debug|Any CPU = Debug|Any CPU
		Debug|x64 = Debug|x64
		Debug|x86 = Debug|x86
		Release|Any CPU = Release|Any CPU
		Release|x64 = Release|x64
		Release|x86 = Release|x86
	EndGlobalSection
	GlobalSection(ProjectConfigurationPlatforms) = postSolution
		{967C5EC6-25D5-4A20-825C-8A0F69B40586}.Debug|Any CPU.ActiveCfg = Debug|Any CPU
		{967C5EC6-25D5-4A20-825C-8A0F69B40586}.Debug|Any CPU.Build.0 = Debug|Any CPU
		{967C5EC6-25D5-4A20-825C-8A0F69B40586}.Debug|x64.ActiveCfg = Debug|Any CPU
		{967C5EC6-25D5-4A20-825C-8A0F69B40586}.Debug|x64.Build.0 = Debug|Any CPU
		{967C5EC6-25D5-4A20-825C-8A0F69B40586}.Debug|x86.ActiveCfg = Debug|Any CPU
		{967C5EC6-25D5-4A20-825C-8A0F69B40586}.Debug|x86.Build.0 = Debug|Any CPU
		{967C5EC6-25D5-4A20-825C-8A0F69B40586}.Release|Any CPU.ActiveCfg = Release|Any CPU
		{967C5EC6-25D5-4A20-825C-8A0F69B40586}.Release|Any CPU.Build.0 = Release|Any CPU
		{967C5EC6-25D5-4A20-825C-8A0F69B40586}.Release|x64.ActiveCfg = Release|Any CPU
		{967C5EC6-25D5-4A20-825C-8A0F69B40586}.Release|x64.Build.0 = Release|Any CPU
		{967C5EC6-25D5-4A20-825C-8A0F69B40586}.Release|x86.ActiveCfg = Release|Any CPU
		{967C5EC6-25D5-4A20-825C-8A0F69B40586}.Release|x86.Build.0 = Release|Any CPU
		{FB56960F-2E6F-45C2-A495-133BD63D1A6B}.Debug|Any CPU.ActiveCfg = Debug
		{FB56960F-2E6F-45C2-A495-133BD63D1A6B}.Debug|Any CPU.Build.0 = Debug
		{FB56960F-2E6F-45C2-A495-133BD63D1A6B}.Debug|x64.ActiveCfg = Debug
		{FB56960F-2E6F-45C2-A495-133BD63D1A6B}.Debug|x64.Build.0 = Debug
		{FB56960F-2E6F-45C2-A495-133BD63D1A6B}.Debug|x86.ActiveCfg = Debug
		{FB56960F-2E6F-45C2-A495-133BD63D1A6B}.Debug|x86.Build.0 = Debug
		{FB56960F-2E6F-45C2-A495-133BD63D1A6B}.Release|Any CPU.ActiveCfg = Release
		{FB56960F-2E6F-45C2-A495-133BD63D1A6B}.Release|Any CPU.Build.0 = Release
		{FB56960F-2E6F-45C2-A495-133BD63D1A6B}.Release|x64.ActiveCfg = Release
		{FB56960F-2E6F-45C2-A495-133BD63D1A6B}.Release|x64.Build.0 = Release
		{FB56960F-2E6F-45C2-A495-133BD63D1A6B}.Release|x86.ActiveCfg = Release
		{FB56960F-2E6F-45C2-A495-133BD63D1A6B}.Release|x86.Build.0 = Release
		{374D1ACE-5762-4BAC-8E05-F9EC045FEBD1}.Debug|Any CPU.ActiveCfg = Debug|Win32
		{374D1ACE-5762-4BAC-8E05-F9EC045FEBD1}.Debug|x64.ActiveCfg = Debug|x64
		{374D1ACE-5762-4BAC-8E05-F9EC045FEBD1}.Debug|x64.Build.0 = Debug|x64
		{374D1ACE-5762-4BAC-8E05-F9EC045FEBD1}.Debug|x86.ActiveCfg = Debug|Win32
		{374D1ACE-5762-4BAC-8E05-F9EC045FEBD1}.Debug|x86.Build.0 = Debug|Win32
		{374D1ACE-5762-4BAC-8E05-F9EC045FEBD1}.Release|Any CPU.ActiveCfg = Release|Win32
		{374D1ACE-5762-4BAC-8E05-F9EC045FEBD1}.Release|x64.ActiveCfg = Release|x64
		{374D1ACE-5762-4BAC-8E05-F9EC045FEBD1}.Release|x64.Build.0 = Release|x64
		{374D1ACE-5762-4BAC-8E05-F9EC045FEBD1}.Release|x86.ActiveCfg = Release|Win32
		{374D1ACE-5762-4BAC-8E05-F9EC045FEBD1}.Release|x86.Build.0 = Release|Win32
		{6D925ABC-DD2A-46F0-BB1C-AECA4D6821B2}.Debug|Any CPU.ActiveCfg = Debug|Any CPU
		{6D925ABC-DD2A-46F0-BB1C-AECA4D6821B2}.Debug|Any CPU.Build.0 = Debug|Any CPU
		{6D925ABC-DD2A-46F0-BB1C-AECA4D6821B2}.Debug|x64.ActiveCfg = Debug|Any CPU
		{6D925ABC-DD2A-46F0-BB1C-AECA4D6821B2}.Debug|x64.Build.0 = Debug|Any CPU
		{6D925ABC-DD2A-46F0-BB1C-AECA4D6821B2}.Debug|x86.ActiveCfg = Debug|Any CPU
		{6D925ABC-DD2A-46F0-BB1C-AECA4D6821B2}.Debug|x86.Build.0 = Debug|Any CPU
		{6D925ABC-DD2A-46F0-BB1C-AECA4D6821B2}.Release|Any CPU.ActiveCfg = Release|Any CPU
		{6D925ABC-DD2A-46F0-BB1C-AECA4D6821B2}.Release|Any CPU.Build.0 = Release|Any CPU
		{6D925ABC-DD2A-46F0-BB1C-AECA4D6821B2}.Release|x64.ActiveCfg = Release|Any CPU
		{6D925ABC-DD2A-46F0-BB1C-AECA4D6821B2}.Release|x64.Build.0 = Release|Any CPU
		{6D925ABC-DD2A-46F0-BB1C-AECA4D6821B2}.Release|x86.ActiveCfg = Release|Any CPU
		{6D925ABC-DD2A-46F0-BB1C-AECA4D6821B2}.Release|x86.Build.0 = Release|Any CPU
	EndGlobalSection
	GlobalSection(SolutionProperties) = preSolution
		HideSolutionNode = FALSE
	EndGlobalSection
	GlobalSection(ExtensibilityGlobals) = postSolution
		SolutionGuid = {CD25F48C-BF04-4228-B99E-BDBE26E01E0C}
	EndGlobalSection
EndGlobal
